
Microsoft Visual Studio Solution File, Format Version 11.00
# Visual Studio 2010
Project("{FAE04EC0-301F-11D3-BF4B-00C04F79EFBC}") = "MyFram.Core", "MyFram.Core\MyFram.Core.csproj", "{9C90A8B3-256E-4B08-A7F8-305D7AFBC415}"
EndProject
Project("{2150E333-8FDC-42A3-9474-1A3956D46DE8}") = ".nuget", ".nuget", "{26198F83-7A61-44E9-A2DD-4C2B52CB4004}"
	ProjectSection(SolutionItems) = preProject
		.nuget\NuGet.Config = .nuget\NuGet.Config
		.nuget\NuGet.exe = .nuget\NuGet.exe
		.nuget\NuGet.targets = .nuget\NuGet.targets
	EndProjectSection
EndProject
Project("{FAE04EC0-301F-11D3-BF4B-00C04F79EFBC}") = "MyFram.Core.Test", "MyFram.Core.Test\MyFram.Core.Test.csproj", "{22F42647-867F-4809-8C21-37B2D4755A0F}"
EndProject
Project("{2150E333-8FDC-42A3-9474-1A3956D46DE8}") = "Solution Items", "Solution Items", "{170BE94D-DECA-4DC2-843A-5B8F445147C5}"
	ProjectSection(SolutionItems) = preProject
		Local.testsettings = Local.testsettings
		MyFram.Core.vsmdi = MyFram.Core.vsmdi
		TraceAndTestImpact.testsettings = TraceAndTestImpact.testsettings
	EndProjectSection
EndProject
Global
	GlobalSection(TestCaseManagementSettings) = postSolution
		CategoryFile = MyFram.Core.vsmdi
	EndGlobalSection
	GlobalSection(SolutionConfigurationPlatforms) = preSolution
		Debug|Any CPU = Debug|Any CPU
		Release|Any CPU = Release|Any CPU
	EndGlobalSection
	GlobalSection(ProjectConfigurationPlatforms) = postSolution
		{9C90A8B3-256E-4B08-A7F8-305D7AFBC415}.Debug|Any CPU.ActiveCfg = Debug|Any CPU
		{9C90A8B3-256E-4B08-A7F8-305D7AFBC415}.Debug|Any CPU.Build.0 = Debug|Any CPU
		{9C90A8B3-256E-4B08-A7F8-305D7AFBC415}.Release|Any CPU.ActiveCfg = Release|Any CPU
		{9C90A8B3-256E-4B08-A7F8-305D7AFBC415}.Release|Any CPU.Build.0 = Release|Any CPU
		{22F42647-867F-4809-8C21-37B2D4755A0F}.Debug|Any CPU.ActiveCfg = Debug|Any CPU
		{22F42647-867F-4809-8C21-37B2D4755A0F}.Debug|Any CPU.Build.0 = Debug|Any CPU
		{22F42647-867F-4809-8C21-37B2D4755A0F}.Release|Any CPU.ActiveCfg = Release|Any CPU
		{22F42647-867F-4809-8C21-37B2D4755A0F}.Release|Any CPU.Build.0 = Release|Any CPU
	EndGlobalSection
	GlobalSection(SolutionProperties) = preSolution
		HideSolutionNode = FALSE
	EndGlobalSection
EndGlobal
